
Microsoft Visual Studio Solution File, Format Version 12.00
# Visual Studio Version 17
VisualStudioVersion = 17.8.34316.72
MinimumVisualStudioVersion = 10.0.40219.1
Project("{FAE04EC0-301F-11D3-BF4B-00C04F79EFBC}") = "ChessWeb", "ChessWeb\ChessWeb.csproj", "{6F73DC3F-3343-4ED4-A438-76325FE8D2EE}"
EndProject
Global
	GlobalSection(SolutionConfigurationPlatforms) = preSolution
		Debug|Any CPU = Debug|Any CPU
		Release|Any CPU = Release|Any CPU
	EndGlobalSection
	GlobalSection(ProjectConfigurationPlatforms) = postSolution
		{6F73DC3F-3343-4ED4-A438-76325FE8D2EE}.Debug|Any CPU.ActiveCfg = Debug|Any CPU
		{6F73DC3F-3343-4ED4-A438-76325FE8D2EE}.Debug|Any CPU.Build.0 = Debug|Any CPU
		{6F73DC3F-3343-4ED4-A438-76325FE8D2EE}.Release|Any CPU.ActiveCfg = Release|Any CPU
		{6F73DC3F-3343-4ED4-A438-76325FE8D2EE}.Release|Any CPU.Build.0 = Release|Any CPU
	EndGlobalSection
	GlobalSection(SolutionProperties) = preSolution
		HideSolutionNode = FALSE
	EndGlobalSection
	GlobalSection(ExtensibilityGlobals) = postSolution
		SolutionGuid = {3DDB5853-020C-41F7-94A5-4F2A9FDF8CA4}
	EndGlobalSection
EndGlobal
